
Microsoft Visual Studio Solution File, Format Version 12.00
# Visual Studio 2012
Project("{FAE04EC0-301F-11D3-BF4B-00C04F79EFBC}") = "The Main Project", "The Main Project.csproj", "{5B78C669-2399-4A7D-B100-3971FBA7ECCE}"
EndProject
Global
	GlobalSection(SolutionConfigurationPlatforms) = preSolution
		Debug|Any CPU = Debug|Any CPU
		Release|Any CPU = Release|Any CPU
	EndGlobalSection
	GlobalSection(ProjectConfigurationPlatforms) = postSolution
		{5B78C669-2399-4A7D-B100-3971FBA7ECCE}.Debug|Any CPU.ActiveCfg = Debug|Any CPU
		{5B78C669-2399-4A7D-B100-3971FBA7ECCE}.Debug|Any CPU.Build.0 = Debug|Any CPU
		{5B78C669-2399-4A7D-B100-3971FBA7ECCE}.Release|Any CPU.ActiveCfg = Release|Any CPU
		{5B78C669-2399-4A7D-B100-3971FBA7ECCE}.Release|Any CPU.Build.0 = Release|Any CPU
	EndGlobalSection
	GlobalSection(SolutionProperties) = preSolution
		HideSolutionNode = FALSE
	EndGlobalSection
EndGlobal
