
Microsoft Visual Studio Solution File, Format Version 12.00
# Visual Studio 2012
Project("{FAE04EC0-301F-11D3-BF4B-00C04F79EFBC}") = "UC_Navigator", "UC_Navigator.csproj", "{5DDD9EC1-2F08-4160-A8B4-8B468EF1160A}"
EndProject
Project("{FAE04EC0-301F-11D3-BF4B-00C04F79EFBC}") = "BoutonFlèche", "BoutonFlèche\BoutonFlèche.csproj", "{7360670A-BEEC-4BF5-99FA-787EE22D98D5}"
EndProject
Global
	GlobalSection(SolutionConfigurationPlatforms) = preSolution
		Debug|Any CPU = Debug|Any CPU
		Release|Any CPU = Release|Any CPU
	EndGlobalSection
	GlobalSection(ProjectConfigurationPlatforms) = postSolution
		{5DDD9EC1-2F08-4160-A8B4-8B468EF1160A}.Debug|Any CPU.ActiveCfg = Debug|Any CPU
		{5DDD9EC1-2F08-4160-A8B4-8B468EF1160A}.Debug|Any CPU.Build.0 = Debug|Any CPU
		{5DDD9EC1-2F08-4160-A8B4-8B468EF1160A}.Release|Any CPU.ActiveCfg = Release|Any CPU
		{5DDD9EC1-2F08-4160-A8B4-8B468EF1160A}.Release|Any CPU.Build.0 = Release|Any CPU
		{7360670A-BEEC-4BF5-99FA-787EE22D98D5}.Debug|Any CPU.ActiveCfg = Debug|Any CPU
		{7360670A-BEEC-4BF5-99FA-787EE22D98D5}.Debug|Any CPU.Build.0 = Debug|Any CPU
		{7360670A-BEEC-4BF5-99FA-787EE22D98D5}.Release|Any CPU.ActiveCfg = Release|Any CPU
		{7360670A-BEEC-4BF5-99FA-787EE22D98D5}.Release|Any CPU.Build.0 = Release|Any CPU
	EndGlobalSection
	GlobalSection(SolutionProperties) = preSolution
		HideSolutionNode = FALSE
	EndGlobalSection
EndGlobal
